
Microsoft Visual Studio Solution File, Format Version 12.00
# Visual Studio Version 16
VisualStudioVersion = 16.0.30503.244
MinimumVisualStudioVersion = 10.0.40219.1
Project("{FAE04EC0-301F-11D3-BF4B-00C04F79EFBC}") = "Week05", "Week05\Week05.csproj", "{3A9B0B08-0A5D-4A12-A8B0-D71707672A57}"
EndProject
Global
	GlobalSection(SolutionConfigurationPlatforms) = preSolution
		Debug|Any CPU = Debug|Any CPU
		Release|Any CPU = Release|Any CPU
	EndGlobalSection
	GlobalSection(ProjectConfigurationPlatforms) = postSolution
		{3A9B0B08-0A5D-4A12-A8B0-D71707672A57}.Debug|Any CPU.ActiveCfg = Debug|Any CPU
		{3A9B0B08-0A5D-4A12-A8B0-D71707672A57}.Debug|Any CPU.Build.0 = Debug|Any CPU
		{3A9B0B08-0A5D-4A12-A8B0-D71707672A57}.Release|Any CPU.ActiveCfg = Release|Any CPU
		{3A9B0B08-0A5D-4A12-A8B0-D71707672A57}.Release|Any CPU.Build.0 = Release|Any CPU
	EndGlobalSection
	GlobalSection(SolutionProperties) = preSolution
		HideSolutionNode = FALSE
	EndGlobalSection
	GlobalSection(ExtensibilityGlobals) = postSolution
		SolutionGuid = {163D214E-71EF-4184-BF13-D97D607CB4E9}
	EndGlobalSection
EndGlobal
