
Microsoft Visual Studio Solution File, Format Version 12.00
# Visual Studio Version 16
VisualStudioVersion = 16.0.30503.244
MinimumVisualStudioVersion = 10.0.40219.1
Project("{FAE04EC0-301F-11D3-BF4B-00C04F79EFBC}") = "UserMaintenance", "UserMaintenance\UserMaintenance.csproj", "{3F920E08-CC75-4CD2-87A8-C2345B682630}"
EndProject
Global
	GlobalSection(SolutionConfigurationPlatforms) = preSolution
		Debug|Any CPU = Debug|Any CPU
		Release|Any CPU = Release|Any CPU
	EndGlobalSection
	GlobalSection(ProjectConfigurationPlatforms) = postSolution
		{3F920E08-CC75-4CD2-87A8-C2345B682630}.Debug|Any CPU.ActiveCfg = Debug|Any CPU
		{3F920E08-CC75-4CD2-87A8-C2345B682630}.Debug|Any CPU.Build.0 = Debug|Any CPU
		{3F920E08-CC75-4CD2-87A8-C2345B682630}.Release|Any CPU.ActiveCfg = Release|Any CPU
		{3F920E08-CC75-4CD2-87A8-C2345B682630}.Release|Any CPU.Build.0 = Release|Any CPU
	EndGlobalSection
	GlobalSection(SolutionProperties) = preSolution
		HideSolutionNode = FALSE
	EndGlobalSection
	GlobalSection(ExtensibilityGlobals) = postSolution
		SolutionGuid = {FE2C55C8-61BE-4682-BBB3-A7E603EEFE75}
	EndGlobalSection
EndGlobal
