
Microsoft Visual Studio Solution File, Format Version 12.00
# Visual Studio Version 16
VisualStudioVersion = 16.0.30503.244
MinimumVisualStudioVersion = 10.0.40219.1
Project("{FAE04EC0-301F-11D3-BF4B-00C04F79EFBC}") = "Week07", "Week07\Week07.csproj", "{160259F8-0AAF-43DC-A75F-92CFF35F6C38}"
EndProject
Global
	GlobalSection(SolutionConfigurationPlatforms) = preSolution
		Debug|Any CPU = Debug|Any CPU
		Release|Any CPU = Release|Any CPU
	EndGlobalSection
	GlobalSection(ProjectConfigurationPlatforms) = postSolution
		{160259F8-0AAF-43DC-A75F-92CFF35F6C38}.Debug|Any CPU.ActiveCfg = Debug|Any CPU
		{160259F8-0AAF-43DC-A75F-92CFF35F6C38}.Debug|Any CPU.Build.0 = Debug|Any CPU
		{160259F8-0AAF-43DC-A75F-92CFF35F6C38}.Release|Any CPU.ActiveCfg = Release|Any CPU
		{160259F8-0AAF-43DC-A75F-92CFF35F6C38}.Release|Any CPU.Build.0 = Release|Any CPU
	EndGlobalSection
	GlobalSection(SolutionProperties) = preSolution
		HideSolutionNode = FALSE
	EndGlobalSection
	GlobalSection(ExtensibilityGlobals) = postSolution
		SolutionGuid = {B70D7F23-8D10-41EE-AE1C-673BEC5325EA}
	EndGlobalSection
EndGlobal
