
Microsoft Visual Studio Solution File, Format Version 12.00
# Visual Studio Version 16
VisualStudioVersion = 16.0.30503.244
MinimumVisualStudioVersion = 10.0.40219.1
Project("{FAE04EC0-301F-11D3-BF4B-00C04F79EFBC}") = "Week06", "Week06\Week06.csproj", "{30E4789F-23E3-43D8-BDDF-9022CAC64ECA}"
EndProject
Global
	GlobalSection(SolutionConfigurationPlatforms) = preSolution
		Debug|Any CPU = Debug|Any CPU
		Release|Any CPU = Release|Any CPU
	EndGlobalSection
	GlobalSection(ProjectConfigurationPlatforms) = postSolution
		{30E4789F-23E3-43D8-BDDF-9022CAC64ECA}.Debug|Any CPU.ActiveCfg = Debug|Any CPU
		{30E4789F-23E3-43D8-BDDF-9022CAC64ECA}.Debug|Any CPU.Build.0 = Debug|Any CPU
		{30E4789F-23E3-43D8-BDDF-9022CAC64ECA}.Release|Any CPU.ActiveCfg = Release|Any CPU
		{30E4789F-23E3-43D8-BDDF-9022CAC64ECA}.Release|Any CPU.Build.0 = Release|Any CPU
	EndGlobalSection
	GlobalSection(SolutionProperties) = preSolution
		HideSolutionNode = FALSE
	EndGlobalSection
	GlobalSection(ExtensibilityGlobals) = postSolution
		SolutionGuid = {BE7F8424-E94D-4784-A342-B4F18CE04098}
	EndGlobalSection
EndGlobal
